
Microsoft Visual Studio Solution File, Format Version 12.00
# Visual Studio Version 16
VisualStudioVersion = 16.0.30523.141
MinimumVisualStudioVersion = 10.0.40219.1
Project("{FAE04EC0-301F-11D3-BF4B-00C04F79EFBC}") = "karaoke", "karaoke\karaoke.csproj", "{BCBD1FB0-53AF-4214-AEED-763365F67337}"
EndProject
Global
	GlobalSection(SolutionConfigurationPlatforms) = preSolution
		Debug|Any CPU = Debug|Any CPU
		Release|Any CPU = Release|Any CPU
	EndGlobalSection
	GlobalSection(ProjectConfigurationPlatforms) = postSolution
		{BCBD1FB0-53AF-4214-AEED-763365F67337}.Debug|Any CPU.ActiveCfg = Debug|Any CPU
		{BCBD1FB0-53AF-4214-AEED-763365F67337}.Debug|Any CPU.Build.0 = Debug|Any CPU
		{BCBD1FB0-53AF-4214-AEED-763365F67337}.Release|Any CPU.ActiveCfg = Release|Any CPU
		{BCBD1FB0-53AF-4214-AEED-763365F67337}.Release|Any CPU.Build.0 = Release|Any CPU
	EndGlobalSection
	GlobalSection(SolutionProperties) = preSolution
		HideSolutionNode = FALSE
	EndGlobalSection
	GlobalSection(ExtensibilityGlobals) = postSolution
		SolutionGuid = {E571A0DD-EEFD-422E-8549-DFAC79BFD709}
	EndGlobalSection
EndGlobal
